
Microsoft Visual Studio Solution File, Format Version 12.00
# Visual Studio 15
VisualStudioVersion = 15.0.26124.0
MinimumVisualStudioVersion = 15.0.26124.0
Project("{2150E333-8FDC-42A3-9474-1A3956D46DE8}") = "src", "src", "{CDDEB639-C5D2-4294-A3EB-685E465E179B}"
EndProject
Project("{FAE04EC0-301F-11D3-BF4B-00C04F79EFBC}") = "Data", "src\Data\Data.csproj", "{46530395-9FF6-4F01-8F37-C40F5EB0EC5A}"
EndProject
Project("{2150E333-8FDC-42A3-9474-1A3956D46DE8}") = "test", "test", "{BB3EEA2C-CD54-4BC7-AA75-EA97E0ED2711}"
EndProject
Project("{FAE04EC0-301F-11D3-BF4B-00C04F79EFBC}") = "Data.Tests", "test\Data.Tests\Data.Tests.csproj", "{10AF6836-5699-4392-BFF5-73E604EC3994}"
EndProject
Project("{FAE04EC0-301F-11D3-BF4B-00C04F79EFBC}") = "Models", "src\Models\Models.csproj", "{63469843-7444-460C-ADD5-23579147A8B8}"
EndProject
Project("{FAE04EC0-301F-11D3-BF4B-00C04F79EFBC}") = "Model.Tests", "test\Model.Tests\Model.Tests.csproj", "{ED9EDD2A-BF45-4A52-A392-F3769333AD6D}"
EndProject
Global
	GlobalSection(SolutionConfigurationPlatforms) = preSolution
		Debug|Any CPU = Debug|Any CPU
		Debug|x64 = Debug|x64
		Debug|x86 = Debug|x86
		Release|Any CPU = Release|Any CPU
		Release|x64 = Release|x64
		Release|x86 = Release|x86
	EndGlobalSection
	GlobalSection(SolutionProperties) = preSolution
		HideSolutionNode = FALSE
	EndGlobalSection
	GlobalSection(ProjectConfigurationPlatforms) = postSolution
		{46530395-9FF6-4F01-8F37-C40F5EB0EC5A}.Debug|Any CPU.ActiveCfg = Debug|Any CPU
		{46530395-9FF6-4F01-8F37-C40F5EB0EC5A}.Debug|Any CPU.Build.0 = Debug|Any CPU
		{46530395-9FF6-4F01-8F37-C40F5EB0EC5A}.Debug|x64.ActiveCfg = Debug|Any CPU
		{46530395-9FF6-4F01-8F37-C40F5EB0EC5A}.Debug|x64.Build.0 = Debug|Any CPU
		{46530395-9FF6-4F01-8F37-C40F5EB0EC5A}.Debug|x86.ActiveCfg = Debug|Any CPU
		{46530395-9FF6-4F01-8F37-C40F5EB0EC5A}.Debug|x86.Build.0 = Debug|Any CPU
		{46530395-9FF6-4F01-8F37-C40F5EB0EC5A}.Release|Any CPU.ActiveCfg = Release|Any CPU
		{46530395-9FF6-4F01-8F37-C40F5EB0EC5A}.Release|Any CPU.Build.0 = Release|Any CPU
		{46530395-9FF6-4F01-8F37-C40F5EB0EC5A}.Release|x64.ActiveCfg = Release|Any CPU
		{46530395-9FF6-4F01-8F37-C40F5EB0EC5A}.Release|x64.Build.0 = Release|Any CPU
		{46530395-9FF6-4F01-8F37-C40F5EB0EC5A}.Release|x86.ActiveCfg = Release|Any CPU
		{46530395-9FF6-4F01-8F37-C40F5EB0EC5A}.Release|x86.Build.0 = Release|Any CPU
		{10AF6836-5699-4392-BFF5-73E604EC3994}.Debug|Any CPU.ActiveCfg = Debug|Any CPU
		{10AF6836-5699-4392-BFF5-73E604EC3994}.Debug|Any CPU.Build.0 = Debug|Any CPU
		{10AF6836-5699-4392-BFF5-73E604EC3994}.Debug|x64.ActiveCfg = Debug|Any CPU
		{10AF6836-5699-4392-BFF5-73E604EC3994}.Debug|x64.Build.0 = Debug|Any CPU
		{10AF6836-5699-4392-BFF5-73E604EC3994}.Debug|x86.ActiveCfg = Debug|Any CPU
		{10AF6836-5699-4392-BFF5-73E604EC3994}.Debug|x86.Build.0 = Debug|Any CPU
		{10AF6836-5699-4392-BFF5-73E604EC3994}.Release|Any CPU.ActiveCfg = Release|Any CPU
		{10AF6836-5699-4392-BFF5-73E604EC3994}.Release|Any CPU.Build.0 = Release|Any CPU
		{10AF6836-5699-4392-BFF5-73E604EC3994}.Release|x64.ActiveCfg = Release|Any CPU
		{10AF6836-5699-4392-BFF5-73E604EC3994}.Release|x64.Build.0 = Release|Any CPU
		{10AF6836-5699-4392-BFF5-73E604EC3994}.Release|x86.ActiveCfg = Release|Any CPU
		{10AF6836-5699-4392-BFF5-73E604EC3994}.Release|x86.Build.0 = Release|Any CPU
		{63469843-7444-460C-ADD5-23579147A8B8}.Debug|Any CPU.ActiveCfg = Debug|Any CPU
		{63469843-7444-460C-ADD5-23579147A8B8}.Debug|Any CPU.Build.0 = Debug|Any CPU
		{63469843-7444-460C-ADD5-23579147A8B8}.Debug|x64.ActiveCfg = Debug|Any CPU
		{63469843-7444-460C-ADD5-23579147A8B8}.Debug|x64.Build.0 = Debug|Any CPU
		{63469843-7444-460C-ADD5-23579147A8B8}.Debug|x86.ActiveCfg = Debug|Any CPU
		{63469843-7444-460C-ADD5-23579147A8B8}.Debug|x86.Build.0 = Debug|Any CPU
		{63469843-7444-460C-ADD5-23579147A8B8}.Release|Any CPU.ActiveCfg = Release|Any CPU
		{63469843-7444-460C-ADD5-23579147A8B8}.Release|Any CPU.Build.0 = Release|Any CPU
		{63469843-7444-460C-ADD5-23579147A8B8}.Release|x64.ActiveCfg = Release|Any CPU
		{63469843-7444-460C-ADD5-23579147A8B8}.Release|x64.Build.0 = Release|Any CPU
		{63469843-7444-460C-ADD5-23579147A8B8}.Release|x86.ActiveCfg = Release|Any CPU
		{63469843-7444-460C-ADD5-23579147A8B8}.Release|x86.Build.0 = Release|Any CPU
		{ED9EDD2A-BF45-4A52-A392-F3769333AD6D}.Debug|Any CPU.ActiveCfg = Debug|Any CPU
		{ED9EDD2A-BF45-4A52-A392-F3769333AD6D}.Debug|Any CPU.Build.0 = Debug|Any CPU
		{ED9EDD2A-BF45-4A52-A392-F3769333AD6D}.Debug|x64.ActiveCfg = Debug|Any CPU
		{ED9EDD2A-BF45-4A52-A392-F3769333AD6D}.Debug|x64.Build.0 = Debug|Any CPU
		{ED9EDD2A-BF45-4A52-A392-F3769333AD6D}.Debug|x86.ActiveCfg = Debug|Any CPU
		{ED9EDD2A-BF45-4A52-A392-F3769333AD6D}.Debug|x86.Build.0 = Debug|Any CPU
		{ED9EDD2A-BF45-4A52-A392-F3769333AD6D}.Release|Any CPU.ActiveCfg = Release|Any CPU
		{ED9EDD2A-BF45-4A52-A392-F3769333AD6D}.Release|Any CPU.Build.0 = Release|Any CPU
		{ED9EDD2A-BF45-4A52-A392-F3769333AD6D}.Release|x64.ActiveCfg = Release|Any CPU
		{ED9EDD2A-BF45-4A52-A392-F3769333AD6D}.Release|x64.Build.0 = Release|Any CPU
		{ED9EDD2A-BF45-4A52-A392-F3769333AD6D}.Release|x86.ActiveCfg = Release|Any CPU
		{ED9EDD2A-BF45-4A52-A392-F3769333AD6D}.Release|x86.Build.0 = Release|Any CPU
	EndGlobalSection
	GlobalSection(NestedProjects) = preSolution
		{46530395-9FF6-4F01-8F37-C40F5EB0EC5A} = {CDDEB639-C5D2-4294-A3EB-685E465E179B}
		{10AF6836-5699-4392-BFF5-73E604EC3994} = {BB3EEA2C-CD54-4BC7-AA75-EA97E0ED2711}
		{63469843-7444-460C-ADD5-23579147A8B8} = {CDDEB639-C5D2-4294-A3EB-685E465E179B}
		{ED9EDD2A-BF45-4A52-A392-F3769333AD6D} = {BB3EEA2C-CD54-4BC7-AA75-EA97E0ED2711}
	EndGlobalSection
EndGlobal
